
Microsoft Visual Studio Solution File, Format Version 12.00
# Visual Studio Version 16
VisualStudioVersion = 16.0.30711.63
MinimumVisualStudioVersion = 10.0.40219.1
Project("{FAE04EC0-301F-11D3-BF4B-00C04F79EFBC}") = "CodingEvents", "CodingEvents.csproj", "{F112B89F-8B41-49C7-8BFC-449BC411D76F}"
EndProject
Global
	GlobalSection(SolutionConfigurationPlatforms) = preSolution
		Debug|Any CPU = Debug|Any CPU
		Release|Any CPU = Release|Any CPU
	EndGlobalSection
	GlobalSection(ProjectConfigurationPlatforms) = postSolution
		{F112B89F-8B41-49C7-8BFC-449BC411D76F}.Debug|Any CPU.ActiveCfg = Debug|Any CPU
		{F112B89F-8B41-49C7-8BFC-449BC411D76F}.Debug|Any CPU.Build.0 = Debug|Any CPU
		{F112B89F-8B41-49C7-8BFC-449BC411D76F}.Release|Any CPU.ActiveCfg = Release|Any CPU
		{F112B89F-8B41-49C7-8BFC-449BC411D76F}.Release|Any CPU.Build.0 = Release|Any CPU
	EndGlobalSection
	GlobalSection(SolutionProperties) = preSolution
		HideSolutionNode = FALSE
	EndGlobalSection
	GlobalSection(ExtensibilityGlobals) = postSolution
		SolutionGuid = {9B4D6701-59E1-4059-A40A-4C682C067E53}
	EndGlobalSection
EndGlobal
